
Microsoft Visual Studio Solution File, Format Version 12.00
# Visual Studio Version 17
VisualStudioVersion = 17.7.34031.279
MinimumVisualStudioVersion = 10.0.40219.1
Project("{2150E333-8FDC-42A3-9474-1A3956D46DE8}") = "Solution Items", "Solution Items", "{8FC526EA-218B-4615-8410-4E1850611F38}"
	ProjectSection(SolutionItems) = preProject
		.editorconfig = .editorconfig
		Directory.Build.props = Directory.Build.props
	EndProjectSection
EndProject
Project("{2150E333-8FDC-42A3-9474-1A3956D46DE8}") = "src", "src", "{64A28C1B-09AF-426E-8721-D002BE554B48}"
EndProject
Project("{9A19103F-16F7-4668-BE54-9A1E7A4F7556}") = "Application", "src\Application\Application.csproj", "{0F576D4A-156D-4626-A4D5-83DD0F6FAFE7}"
EndProject
Project("{9A19103F-16F7-4668-BE54-9A1E7A4F7556}") = "Infrastructure", "src\Infrastructure\Infrastructure.csproj", "{C699FD09-4D82-4C4B-8744-4FD3B0D60EFC}"
EndProject
Project("{9A19103F-16F7-4668-BE54-9A1E7A4F7556}") = "SharedKernel", "src\SharedKernel\SharedKernel.csproj", "{166778A2-518F-47F0-BBC7-DB49C76A963C}"
EndProject
Project("{9A19103F-16F7-4668-BE54-9A1E7A4F7556}") = "Web.Api", "src\Web.Api\Web.Api.csproj", "{86506D03-3746-41E7-A645-97D3633981DB}"
EndProject
Project("{2150E333-8FDC-42A3-9474-1A3956D46DE8}") = "tests", "tests", "{1EB88D85-BE1E-46DE-99A2-2F02363060AF}"
EndProject
Project("{9A19103F-16F7-4668-BE54-9A1E7A4F7556}") = "Application.UnitTests", "tests\Application.UnitTests\Application.UnitTests.csproj", "{A7269B6D-D2C0-4E03-ABFB-48A32BA74A30}"
EndProject
Project("{9A19103F-16F7-4668-BE54-9A1E7A4F7556}") = "Domain.UnitTests", "tests\Domain.UnitTests\Domain.UnitTests.csproj", "{9BFE30CC-7E95-4B60-9804-CA8BF3D43633}"
EndProject
Project("{9A19103F-16F7-4668-BE54-9A1E7A4F7556}") = "ArchitectureTests", "tests\ArchitectureTests\ArchitectureTests.csproj", "{8D8E2A8A-D3FE-4230-BEF7-C427D6BD87DA}"
EndProject
Project("{E53339B2-1760-4266-BCC7-CA923CBCF16C}") = "docker-compose", "docker-compose.dcproj", "{34BB3069-D5D0-4046-ACAD-A2025ED7678F}"
EndProject
Project("{9A19103F-16F7-4668-BE54-9A1E7A4F7556}") = "Api.FunctionalTests", "tests\Api.FunctionalTests\Api.FunctionalTests.csproj", "{A263185F-126C-4F6C-A3B1-59B79E684766}"
EndProject
Project("{9A19103F-16F7-4668-BE54-9A1E7A4F7556}") = "Application.IntegrationTests", "tests\Application.IntegrationTests\Application.IntegrationTests.csproj", "{C231C40F-E5F7-41F5-8CFB-E3DDDA39D634}"
EndProject
Project("{2150E333-8FDC-42A3-9474-1A3956D46DE8}") = "Modules", "Modules", "{E14D2261-6503-42F5-912C-C0F642694774}"
EndProject
Project("{2150E333-8FDC-42A3-9474-1A3956D46DE8}") = "Users", "Users", "{10F12684-3080-4249-B901-52F2F3D74691}"
EndProject
Project("{2150E333-8FDC-42A3-9474-1A3956D46DE8}") = "Training", "Training", "{E74D4CD7-071C-4E44-923F-0A7194EF7DDD}"
EndProject
Project("{9A19103F-16F7-4668-BE54-9A1E7A4F7556}") = "Modules.Users.Domain", "src\Modules\Users\Modules.Users.Domain\Modules.Users.Domain.csproj", "{6448ADE8-34BC-4F2F-A68C-5B2D6BF4FB0B}"
EndProject
Project("{9A19103F-16F7-4668-BE54-9A1E7A4F7556}") = "Modules.Training.Domain", "src\Modules\Training\Modules.Training.Domain\Modules.Training.Domain.csproj", "{3A8885C4-7B8F-4922-9E14-F88F28ED66B1}"
EndProject
Project("{9A19103F-16F7-4668-BE54-9A1E7A4F7556}") = "Modules.Users.Application", "src\Modules\Users\Modules.Users.Application\Modules.Users.Application.csproj", "{49257E50-FA19-4148-BC9F-9B20265FE8B2}"
EndProject
Project("{9A19103F-16F7-4668-BE54-9A1E7A4F7556}") = "Modules.Training.Application", "src\Modules\Training\Modules.Training.Application\Modules.Training.Application.csproj", "{EC7E7258-823E-4FC3-ADF6-04E3AF199D17}"
EndProject
Project("{FAE04EC0-301F-11D3-BF4B-00C04F79EFBC}") = "Modules.Users.Api", "src\Modules\Users\Modules.Users.Api\Modules.Users.Api.csproj", "{46C023EA-561F-40CC-B50B-66F8280AF2E4}"
EndProject
Project("{FAE04EC0-301F-11D3-BF4B-00C04F79EFBC}") = "Modules.Users.Infrastructure", "src\Modules\Users\Modules.Users.Infrastructure\Modules.Users.Infrastructure.csproj", "{8D784CB6-3773-4B13-904B-2D41918A0F9E}"
EndProject
Project("{FAE04EC0-301F-11D3-BF4B-00C04F79EFBC}") = "Modules.Training.Infrastructure", "src\Modules\Training\Modules.Training.Infrastructure\Modules.Training.Infrastructure.csproj", "{F0E748D8-9FF6-42E2-A3D8-3035E641187A}"
EndProject
Global
	GlobalSection(SolutionConfigurationPlatforms) = preSolution
		Debug|Any CPU = Debug|Any CPU
		Release|Any CPU = Release|Any CPU
	EndGlobalSection
	GlobalSection(ProjectConfigurationPlatforms) = postSolution
		{0F576D4A-156D-4626-A4D5-83DD0F6FAFE7}.Debug|Any CPU.ActiveCfg = Debug|Any CPU
		{0F576D4A-156D-4626-A4D5-83DD0F6FAFE7}.Debug|Any CPU.Build.0 = Debug|Any CPU
		{0F576D4A-156D-4626-A4D5-83DD0F6FAFE7}.Release|Any CPU.ActiveCfg = Release|Any CPU
		{0F576D4A-156D-4626-A4D5-83DD0F6FAFE7}.Release|Any CPU.Build.0 = Release|Any CPU
		{C699FD09-4D82-4C4B-8744-4FD3B0D60EFC}.Debug|Any CPU.ActiveCfg = Debug|Any CPU
		{C699FD09-4D82-4C4B-8744-4FD3B0D60EFC}.Debug|Any CPU.Build.0 = Debug|Any CPU
		{C699FD09-4D82-4C4B-8744-4FD3B0D60EFC}.Release|Any CPU.ActiveCfg = Release|Any CPU
		{C699FD09-4D82-4C4B-8744-4FD3B0D60EFC}.Release|Any CPU.Build.0 = Release|Any CPU
		{166778A2-518F-47F0-BBC7-DB49C76A963C}.Debug|Any CPU.ActiveCfg = Debug|Any CPU
		{166778A2-518F-47F0-BBC7-DB49C76A963C}.Debug|Any CPU.Build.0 = Debug|Any CPU
		{166778A2-518F-47F0-BBC7-DB49C76A963C}.Release|Any CPU.ActiveCfg = Release|Any CPU
		{166778A2-518F-47F0-BBC7-DB49C76A963C}.Release|Any CPU.Build.0 = Release|Any CPU
		{86506D03-3746-41E7-A645-97D3633981DB}.Debug|Any CPU.ActiveCfg = Debug|Any CPU
		{86506D03-3746-41E7-A645-97D3633981DB}.Debug|Any CPU.Build.0 = Debug|Any CPU
		{86506D03-3746-41E7-A645-97D3633981DB}.Release|Any CPU.ActiveCfg = Release|Any CPU
		{86506D03-3746-41E7-A645-97D3633981DB}.Release|Any CPU.Build.0 = Release|Any CPU
		{A7269B6D-D2C0-4E03-ABFB-48A32BA74A30}.Debug|Any CPU.ActiveCfg = Debug|Any CPU
		{A7269B6D-D2C0-4E03-ABFB-48A32BA74A30}.Debug|Any CPU.Build.0 = Debug|Any CPU
		{A7269B6D-D2C0-4E03-ABFB-48A32BA74A30}.Release|Any CPU.ActiveCfg = Release|Any CPU
		{A7269B6D-D2C0-4E03-ABFB-48A32BA74A30}.Release|Any CPU.Build.0 = Release|Any CPU
		{9BFE30CC-7E95-4B60-9804-CA8BF3D43633}.Debug|Any CPU.ActiveCfg = Debug|Any CPU
		{9BFE30CC-7E95-4B60-9804-CA8BF3D43633}.Debug|Any CPU.Build.0 = Debug|Any CPU
		{9BFE30CC-7E95-4B60-9804-CA8BF3D43633}.Release|Any CPU.ActiveCfg = Release|Any CPU
		{9BFE30CC-7E95-4B60-9804-CA8BF3D43633}.Release|Any CPU.Build.0 = Release|Any CPU
		{8D8E2A8A-D3FE-4230-BEF7-C427D6BD87DA}.Debug|Any CPU.ActiveCfg = Debug|Any CPU
		{8D8E2A8A-D3FE-4230-BEF7-C427D6BD87DA}.Debug|Any CPU.Build.0 = Debug|Any CPU
		{8D8E2A8A-D3FE-4230-BEF7-C427D6BD87DA}.Release|Any CPU.ActiveCfg = Release|Any CPU
		{8D8E2A8A-D3FE-4230-BEF7-C427D6BD87DA}.Release|Any CPU.Build.0 = Release|Any CPU
		{34BB3069-D5D0-4046-ACAD-A2025ED7678F}.Debug|Any CPU.ActiveCfg = Debug|Any CPU
		{34BB3069-D5D0-4046-ACAD-A2025ED7678F}.Debug|Any CPU.Build.0 = Debug|Any CPU
		{34BB3069-D5D0-4046-ACAD-A2025ED7678F}.Release|Any CPU.ActiveCfg = Release|Any CPU
		{34BB3069-D5D0-4046-ACAD-A2025ED7678F}.Release|Any CPU.Build.0 = Release|Any CPU
		{A263185F-126C-4F6C-A3B1-59B79E684766}.Debug|Any CPU.ActiveCfg = Debug|Any CPU
		{A263185F-126C-4F6C-A3B1-59B79E684766}.Debug|Any CPU.Build.0 = Debug|Any CPU
		{A263185F-126C-4F6C-A3B1-59B79E684766}.Release|Any CPU.ActiveCfg = Release|Any CPU
		{A263185F-126C-4F6C-A3B1-59B79E684766}.Release|Any CPU.Build.0 = Release|Any CPU
		{C231C40F-E5F7-41F5-8CFB-E3DDDA39D634}.Debug|Any CPU.ActiveCfg = Debug|Any CPU
		{C231C40F-E5F7-41F5-8CFB-E3DDDA39D634}.Debug|Any CPU.Build.0 = Debug|Any CPU
		{C231C40F-E5F7-41F5-8CFB-E3DDDA39D634}.Release|Any CPU.ActiveCfg = Release|Any CPU
		{C231C40F-E5F7-41F5-8CFB-E3DDDA39D634}.Release|Any CPU.Build.0 = Release|Any CPU
		{6448ADE8-34BC-4F2F-A68C-5B2D6BF4FB0B}.Debug|Any CPU.ActiveCfg = Debug|Any CPU
		{6448ADE8-34BC-4F2F-A68C-5B2D6BF4FB0B}.Debug|Any CPU.Build.0 = Debug|Any CPU
		{6448ADE8-34BC-4F2F-A68C-5B2D6BF4FB0B}.Release|Any CPU.ActiveCfg = Release|Any CPU
		{6448ADE8-34BC-4F2F-A68C-5B2D6BF4FB0B}.Release|Any CPU.Build.0 = Release|Any CPU
		{3A8885C4-7B8F-4922-9E14-F88F28ED66B1}.Debug|Any CPU.ActiveCfg = Debug|Any CPU
		{3A8885C4-7B8F-4922-9E14-F88F28ED66B1}.Debug|Any CPU.Build.0 = Debug|Any CPU
		{3A8885C4-7B8F-4922-9E14-F88F28ED66B1}.Release|Any CPU.ActiveCfg = Release|Any CPU
		{3A8885C4-7B8F-4922-9E14-F88F28ED66B1}.Release|Any CPU.Build.0 = Release|Any CPU
		{49257E50-FA19-4148-BC9F-9B20265FE8B2}.Debug|Any CPU.ActiveCfg = Debug|Any CPU
		{49257E50-FA19-4148-BC9F-9B20265FE8B2}.Debug|Any CPU.Build.0 = Debug|Any CPU
		{49257E50-FA19-4148-BC9F-9B20265FE8B2}.Release|Any CPU.ActiveCfg = Release|Any CPU
		{49257E50-FA19-4148-BC9F-9B20265FE8B2}.Release|Any CPU.Build.0 = Release|Any CPU
		{EC7E7258-823E-4FC3-ADF6-04E3AF199D17}.Debug|Any CPU.ActiveCfg = Debug|Any CPU
		{EC7E7258-823E-4FC3-ADF6-04E3AF199D17}.Debug|Any CPU.Build.0 = Debug|Any CPU
		{EC7E7258-823E-4FC3-ADF6-04E3AF199D17}.Release|Any CPU.ActiveCfg = Release|Any CPU
		{EC7E7258-823E-4FC3-ADF6-04E3AF199D17}.Release|Any CPU.Build.0 = Release|Any CPU
		{46C023EA-561F-40CC-B50B-66F8280AF2E4}.Debug|Any CPU.ActiveCfg = Debug|Any CPU
		{46C023EA-561F-40CC-B50B-66F8280AF2E4}.Debug|Any CPU.Build.0 = Debug|Any CPU
		{46C023EA-561F-40CC-B50B-66F8280AF2E4}.Release|Any CPU.ActiveCfg = Release|Any CPU
		{46C023EA-561F-40CC-B50B-66F8280AF2E4}.Release|Any CPU.Build.0 = Release|Any CPU
		{8D784CB6-3773-4B13-904B-2D41918A0F9E}.Debug|Any CPU.ActiveCfg = Debug|Any CPU
		{8D784CB6-3773-4B13-904B-2D41918A0F9E}.Debug|Any CPU.Build.0 = Debug|Any CPU
		{8D784CB6-3773-4B13-904B-2D41918A0F9E}.Release|Any CPU.ActiveCfg = Release|Any CPU
		{8D784CB6-3773-4B13-904B-2D41918A0F9E}.Release|Any CPU.Build.0 = Release|Any CPU
		{F0E748D8-9FF6-42E2-A3D8-3035E641187A}.Debug|Any CPU.ActiveCfg = Debug|Any CPU
		{F0E748D8-9FF6-42E2-A3D8-3035E641187A}.Debug|Any CPU.Build.0 = Debug|Any CPU
		{F0E748D8-9FF6-42E2-A3D8-3035E641187A}.Release|Any CPU.ActiveCfg = Release|Any CPU
		{F0E748D8-9FF6-42E2-A3D8-3035E641187A}.Release|Any CPU.Build.0 = Release|Any CPU
	EndGlobalSection
	GlobalSection(SolutionProperties) = preSolution
		HideSolutionNode = FALSE
	EndGlobalSection
	GlobalSection(NestedProjects) = preSolution
		{0F576D4A-156D-4626-A4D5-83DD0F6FAFE7} = {64A28C1B-09AF-426E-8721-D002BE554B48}
		{C699FD09-4D82-4C4B-8744-4FD3B0D60EFC} = {64A28C1B-09AF-426E-8721-D002BE554B48}
		{166778A2-518F-47F0-BBC7-DB49C76A963C} = {64A28C1B-09AF-426E-8721-D002BE554B48}
		{86506D03-3746-41E7-A645-97D3633981DB} = {64A28C1B-09AF-426E-8721-D002BE554B48}
		{A7269B6D-D2C0-4E03-ABFB-48A32BA74A30} = {1EB88D85-BE1E-46DE-99A2-2F02363060AF}
		{9BFE30CC-7E95-4B60-9804-CA8BF3D43633} = {1EB88D85-BE1E-46DE-99A2-2F02363060AF}
		{8D8E2A8A-D3FE-4230-BEF7-C427D6BD87DA} = {1EB88D85-BE1E-46DE-99A2-2F02363060AF}
		{A263185F-126C-4F6C-A3B1-59B79E684766} = {1EB88D85-BE1E-46DE-99A2-2F02363060AF}
		{C231C40F-E5F7-41F5-8CFB-E3DDDA39D634} = {1EB88D85-BE1E-46DE-99A2-2F02363060AF}
		{E14D2261-6503-42F5-912C-C0F642694774} = {64A28C1B-09AF-426E-8721-D002BE554B48}
		{10F12684-3080-4249-B901-52F2F3D74691} = {E14D2261-6503-42F5-912C-C0F642694774}
		{E74D4CD7-071C-4E44-923F-0A7194EF7DDD} = {E14D2261-6503-42F5-912C-C0F642694774}
		{6448ADE8-34BC-4F2F-A68C-5B2D6BF4FB0B} = {10F12684-3080-4249-B901-52F2F3D74691}
		{3A8885C4-7B8F-4922-9E14-F88F28ED66B1} = {E74D4CD7-071C-4E44-923F-0A7194EF7DDD}
		{49257E50-FA19-4148-BC9F-9B20265FE8B2} = {10F12684-3080-4249-B901-52F2F3D74691}
		{EC7E7258-823E-4FC3-ADF6-04E3AF199D17} = {E74D4CD7-071C-4E44-923F-0A7194EF7DDD}
		{46C023EA-561F-40CC-B50B-66F8280AF2E4} = {10F12684-3080-4249-B901-52F2F3D74691}
		{8D784CB6-3773-4B13-904B-2D41918A0F9E} = {10F12684-3080-4249-B901-52F2F3D74691}
		{F0E748D8-9FF6-42E2-A3D8-3035E641187A} = {E74D4CD7-071C-4E44-923F-0A7194EF7DDD}
	EndGlobalSection
	GlobalSection(ExtensibilityGlobals) = postSolution
		SolutionGuid = {B948A3CC-9872-4612-ABD2-BB3D49671542}
	EndGlobalSection
EndGlobal
